{
    "_meta": {
        "hash": {
            "sha256": "d413d25f30978430e7d518a9990a143542627d08a2c9e86285a712acd7d20444"
        },
        "host-environment-markers": {
            "implementation_name": "cpython",
            "implementation_version": "3.6.4",
            "os_name": "posix",
            "platform_machine": "x86_64",
            "platform_python_implementation": "CPython",
            "platform_release": "16.7.0",
            "platform_system": "Darwin",
            "platform_version": "Darwin Kernel Version 16.7.0: Tue Jan 30 11:27:06 PST 2018; root:xnu-3789.73.11~1/RELEASE_X86_64",
            "python_full_version": "3.6.4",
            "python_version": "3.6",
            "sys_platform": "darwin"
        },
        "pipfile-spec": 6,
        "requires": {
            "python_version": "3.6"
        },
        "sources": [
            {
                "name": "pypi",
                "url": "https://pypi.python.org/simple",
                "verify_ssl": true
            }
        ]
    },
    "default": {
        "argcomplete": {
            "hashes": [
                "sha256:2adef33864dabb77a3316f054c95227437e6448ea0aeb0e1ec1cd69aebcb29d6",
                "sha256:06c8a54ffaa6bfc9006314498742ec8843601206a3b94212f82657673662ecf1"
            ],
            "version": "==1.9.4"
        },
        "delegator.py": {
            "hashes": [
                "sha256:58f3ea6fe36680e1d828e2e66e52844b826f186409dfee4436e42351b0e699fe",
                "sha256:2d46966a7f484d271b09e2646eae1e9acadc4fdf2cb760c142f073e81c927d8d"
            ],
            "version": "==0.1.0"
        },
        "pexpect": {
            "hashes": [
                "sha256:9783f4644a3ef8528a6f20374eeb434431a650c797ca6d8df0d81e30fffdfa24",
                "sha256:9f8eb3277716a01faafaba553d629d3d60a1a624c7cf45daa600d2148c30020c"
            ],
            "version": "==4.5.0"
        },
        "ptyprocess": {
            "hashes": [
                "sha256:e8c43b5eee76b2083a9badde89fd1bbce6c8942d1045146e100b7b5e014f4f1a",
                "sha256:e64193f0047ad603b71f202332ab5527c5e52aa7c8b609704fc28c0dc20c4365"
            ],
            "version": "==0.5.2"
        }
    },
    "develop": {
        "cached-property": {
            "hashes": [
                "sha256:67acb3ee8234245e8aea3784a492272239d9c4b487eba2fdcce9d75460d34520",
                "sha256:bf093e640b7294303c7cc7ba3212f00b7a07d0416c1d923465995c9ef860a139"
            ],
            "version": "==1.4.2"
        }
    }
}
